
Microsoft Visual Studio Solution File, Format Version 12.00
# Visual Studio Version 16
VisualStudioVersion = 16.0.30128.74
MinimumVisualStudioVersion = 10.0.40219.1
Project("{FAE04EC0-301F-11D3-BF4B-00C04F79EFBC}") = "AzureADAuth", "AzureADAuth.csproj", "{FB503943-85EB-44EE-8EA5-DE9C5E71716E}"
EndProject
Global
	GlobalSection(SolutionConfigurationPlatforms) = preSolution
		Debug|Any CPU = Debug|Any CPU
		Release|Any CPU = Release|Any CPU
	EndGlobalSection
	GlobalSection(ProjectConfigurationPlatforms) = postSolution
		{FB503943-85EB-44EE-8EA5-DE9C5E71716E}.Debug|Any CPU.ActiveCfg = Debug|Any CPU
		{FB503943-85EB-44EE-8EA5-DE9C5E71716E}.Debug|Any CPU.Build.0 = Debug|Any CPU
		{FB503943-85EB-44EE-8EA5-DE9C5E71716E}.Release|Any CPU.ActiveCfg = Release|Any CPU
		{FB503943-85EB-44EE-8EA5-DE9C5E71716E}.Release|Any CPU.Build.0 = Release|Any CPU
	EndGlobalSection
	GlobalSection(SolutionProperties) = preSolution
		HideSolutionNode = FALSE
	EndGlobalSection
	GlobalSection(ExtensibilityGlobals) = postSolution
		SolutionGuid = {1638269A-2C0D-467D-BBBF-03DAC3D01A79}
	EndGlobalSection
EndGlobal
